
Microsoft Visual Studio Solution File, Format Version 12.00
# Visual Studio Version 17
VisualStudioVersion = 17.8.34525.116
MinimumVisualStudioVersion = 10.0.40219.1
Project("{FAE04EC0-301F-11D3-BF4B-00C04F79EFBC}") = "Mission6_Cowart", "Mission6_Cowart\Mission6_Cowart.csproj", "{6918D6AA-D38D-4B0F-9024-FBAD8D0D9FAE}"
EndProject
Global
	GlobalSection(SolutionConfigurationPlatforms) = preSolution
		Debug|Any CPU = Debug|Any CPU
		Release|Any CPU = Release|Any CPU
	EndGlobalSection
	GlobalSection(ProjectConfigurationPlatforms) = postSolution
		{6918D6AA-D38D-4B0F-9024-FBAD8D0D9FAE}.Debug|Any CPU.ActiveCfg = Debug|Any CPU
		{6918D6AA-D38D-4B0F-9024-FBAD8D0D9FAE}.Debug|Any CPU.Build.0 = Debug|Any CPU
		{6918D6AA-D38D-4B0F-9024-FBAD8D0D9FAE}.Release|Any CPU.ActiveCfg = Release|Any CPU
		{6918D6AA-D38D-4B0F-9024-FBAD8D0D9FAE}.Release|Any CPU.Build.0 = Release|Any CPU
	EndGlobalSection
	GlobalSection(SolutionProperties) = preSolution
		HideSolutionNode = FALSE
	EndGlobalSection
	GlobalSection(ExtensibilityGlobals) = postSolution
		SolutionGuid = {E6725557-637D-484A-8572-0A051C58C5C2}
	EndGlobalSection
EndGlobal
